
Microsoft Visual Studio Solution File, Format Version 12.00
# Visual Studio Version 16
VisualStudioVersion = 16.0.30907.101
MinimumVisualStudioVersion = 10.0.40219.1
Project("{9A19103F-16F7-4668-BE54-9A1E7A4F7556}") = "P1 SumOf3", "P1 SumOf3\P1 SumOf3.csproj", "{C419C1ED-E3B1-46AE-96E0-0442EECBA903}"
EndProject
Project("{9A19103F-16F7-4668-BE54-9A1E7A4F7556}") = "Conditional.CoinToss", "Conditional.CoinToss\Conditional.CoinToss.csproj", "{2630627B-B11B-4912-B457-139A61102D9A}"
EndProject
Project("{FAE04EC0-301F-11D3-BF4B-00C04F79EFBC}") = "RandomGuess", "RandomGuess\RandomGuess.csproj", "{84BFF19D-69BB-46D1-9A9B-6B1F489DD6C9}"
EndProject
Global
	GlobalSection(SolutionConfigurationPlatforms) = preSolution
		Debug|Any CPU = Debug|Any CPU
		Release|Any CPU = Release|Any CPU
	EndGlobalSection
	GlobalSection(ProjectConfigurationPlatforms) = postSolution
		{C419C1ED-E3B1-46AE-96E0-0442EECBA903}.Debug|Any CPU.ActiveCfg = Debug|Any CPU
		{C419C1ED-E3B1-46AE-96E0-0442EECBA903}.Debug|Any CPU.Build.0 = Debug|Any CPU
		{C419C1ED-E3B1-46AE-96E0-0442EECBA903}.Release|Any CPU.ActiveCfg = Release|Any CPU
		{C419C1ED-E3B1-46AE-96E0-0442EECBA903}.Release|Any CPU.Build.0 = Release|Any CPU
		{2630627B-B11B-4912-B457-139A61102D9A}.Debug|Any CPU.ActiveCfg = Debug|Any CPU
		{2630627B-B11B-4912-B457-139A61102D9A}.Debug|Any CPU.Build.0 = Debug|Any CPU
		{2630627B-B11B-4912-B457-139A61102D9A}.Release|Any CPU.ActiveCfg = Release|Any CPU
		{2630627B-B11B-4912-B457-139A61102D9A}.Release|Any CPU.Build.0 = Release|Any CPU
		{84BFF19D-69BB-46D1-9A9B-6B1F489DD6C9}.Debug|Any CPU.ActiveCfg = Debug|Any CPU
		{84BFF19D-69BB-46D1-9A9B-6B1F489DD6C9}.Debug|Any CPU.Build.0 = Debug|Any CPU
		{84BFF19D-69BB-46D1-9A9B-6B1F489DD6C9}.Release|Any CPU.ActiveCfg = Release|Any CPU
		{84BFF19D-69BB-46D1-9A9B-6B1F489DD6C9}.Release|Any CPU.Build.0 = Release|Any CPU
	EndGlobalSection
	GlobalSection(SolutionProperties) = preSolution
		HideSolutionNode = FALSE
	EndGlobalSection
	GlobalSection(ExtensibilityGlobals) = postSolution
		SolutionGuid = {C1069FE9-088D-4A23-BEFB-B6D8AEBF1A46}
	EndGlobalSection
EndGlobal
